<?xml version="1.0" encoding="utf-8"?>
<Project ToolsVersion="4.0" xmlns="http://schemas.microsoft.com/developer/msbuild/2003">
  <ItemGroup>
    <Filter Include="Source Files">
      <UniqueIdentifier>{4FC737F1-C7A5-4376-A066-2A32D752A2FF}</UniqueIdentifier>
      <Extensions>cpp;c;cc;cxx;def;odl;idl;hpj;bat;asm;asmx</Extensions>
    </Filter>
    <Filter Include="Header Files">
      <UniqueIdentifier>{93995380-89BD-4b04-88EB-625FBE52EBFB}</UniqueIdentifier>
      <Extensions>h;hpp;hxx;hm;inl;inc;xsd</Extensions>
    </Filter>
    <Filter Include="Resource Files">
      <UniqueIdentifier>{67DA6AB6-F800-4c08-8B7A-83BB121AAD01}</UniqueIdentifier>
      <Extensions>rc;ico;cur;bmp;dlg;rc2;rct;bin;rgs;gif;jpg;jpeg;jpe;resx;tiff;tif;png;wav;mfcribbon-ms</Extensions>
    </Filter>
    <Filter Include="Resource Files\Data">
      <UniqueIdentifier>{dcc3c0b2-ddea-40a6-9c0f-06827cc8f0d8}</UniqueIdentifier>
    </Filter>
  </ItemGroup>
  <ItemGroup>
    <ClCompile Include="test.cpp">
      <Filter>Source Files</Filter>
    </ClCompile>
    <ClCompile Include="test_atmos.cpp">
      <Filter>Source Files</Filter>
    </ClCompile>
    <ClCompile Include="test_config.cpp">
      <Filter>Source Files</Filter>
    </ClCompile>
    <ClCompile Include="test_damatrix.cpp">
      <Filter>Source Files</Filter>
    </ClCompile>
    <ClCompile Include="test_ddscat.cpp">
      <Filter>Source Files</Filter>
    </ClCompile>
    <ClCompile Include="test_ddweights.cpp">
      <Filter>Source Files</Filter>
    </ClCompile>
    <ClCompile Include="test_debug.cpp">
      <Filter>Source Files</Filter>
    </ClCompile>
    <ClCompile Include="test_lbl.cpp">
      <Filter>Source Files</Filter>
    </ClCompile>
    <ClCompile Include="test_matrixop.cpp">
      <Filter>Source Files</Filter>
    </ClCompile>
    <ClCompile Include="test_polynomial.cpp">
      <Filter>Source Files</Filter>
    </ClCompile>
    <ClCompile Include="test_quadrature.cpp">
      <Filter>Source Files</Filter>
    </ClCompile>
    <ClCompile Include="test_recPolys.cpp">
      <Filter>Source Files</Filter>
    </ClCompile>
    <ClCompile Include="test_units.cpp">
      <Filter>Source Files</Filter>
    </ClCompile>
    <ClCompile Include="globals.cpp">
      <Filter>Source Files</Filter>
    </ClCompile>
    <ClCompile Include="test_ddpar.cpp">
      <Filter>Source Files</Filter>
    </ClCompile>
    <ClCompile Include="test_ddparGenerator.cpp">
      <Filter>Source Files</Filter>
    </ClCompile>
  </ItemGroup>
  <ItemGroup>
    <None Include="data\rtmath.conf">
      <Filter>Resource Files\Data</Filter>
    </None>
    <None Include="data\testing.conf">
      <Filter>Resource Files\Data</Filter>
    </None>
    <None Include="data\ddscat.par">
      <Filter>Resource Files\Data</Filter>
    </None>
  </ItemGroup>
  <ItemGroup>
    <ClInclude Include="globals.h">
      <Filter>Header Files</Filter>
    </ClInclude>
  </ItemGroup>
</Project>