<?xml version="1.0" encoding="utf-8"?>
<Project ToolsVersion="4.0" xmlns="http://schemas.microsoft.com/developer/msbuild/2003">
  <ItemGroup>
    <Filter Include="Source Files">
      <UniqueIdentifier>{4FC737F1-C7A5-4376-A066-2A32D752A2FF}</UniqueIdentifier>
      <Extensions>cpp;c;cc;cxx;def;odl;idl;hpj;bat;asm;asmx</Extensions>
    </Filter>
    <Filter Include="Header Files">
      <UniqueIdentifier>{93995380-89BD-4b04-88EB-625FBE52EBFB}</UniqueIdentifier>
      <Extensions>h;hpp;hxx;hm;inl;inc;xsd</Extensions>
    </Filter>
    <Filter Include="Resource Files">
      <UniqueIdentifier>{67DA6AB6-F800-4c08-8B7A-83BB121AAD01}</UniqueIdentifier>
      <Extensions>rc;ico;cur;bmp;dlg;rc2;rct;bin;rgs;gif;jpg;jpeg;jpe;resx;tiff;tif;png;wav;mfcribbon-ms</Extensions>
    </Filter>
    <Filter Include="Old">
      <UniqueIdentifier>{4b97c923-0f9d-4caa-9971-32c746e534d4}</UniqueIdentifier>
    </Filter>
  </ItemGroup>
  <ItemGroup>
    <ClInclude Include="ncvar.h">
      <Filter>Header Files</Filter>
    </ClInclude>
    <ClInclude Include="nctype.h">
      <Filter>Header Files</Filter>
    </ClInclude>
    <ClInclude Include="ncgroup.h">
      <Filter>Header Files</Filter>
    </ClInclude>
    <ClInclude Include="ncfile.h">
      <Filter>Header Files</Filter>
    </ClInclude>
    <ClInclude Include="ncdim.h">
      <Filter>Header Files</Filter>
    </ClInclude>
    <ClInclude Include="netcdf-managed.h">
      <Filter>Header Files</Filter>
    </ClInclude>
    <ClInclude Include="ncattr.h">
      <Filter>Header Files</Filter>
    </ClInclude>
  </ItemGroup>
  <ItemGroup>
    <ClCompile Include="nctype.cpp">
      <Filter>Source Files</Filter>
    </ClCompile>
    <ClCompile Include="ncgroup.cpp">
      <Filter>Source Files</Filter>
    </ClCompile>
    <ClCompile Include="ncfile.cpp">
      <Filter>Source Files</Filter>
    </ClCompile>
    <ClCompile Include="ncdim.cpp">
      <Filter>Source Files</Filter>
    </ClCompile>
    <ClCompile Include="ncvar.cpp">
      <Filter>Source Files</Filter>
    </ClCompile>
    <ClCompile Include="ncattr.cpp">
      <Filter>Source Files</Filter>
    </ClCompile>
  </ItemGroup>
</Project>