<?xml version="1.0" encoding="utf-8"?>
<Project ToolsVersion="4.0" xmlns="http://schemas.microsoft.com/developer/msbuild/2003">
  <ItemGroup>
    <Filter Include="Source Files">
      <UniqueIdentifier>{4FC737F1-C7A5-4376-A066-2A32D752A2FF}</UniqueIdentifier>
      <Extensions>cpp;c;cc;cxx;def;odl;idl;hpj;bat;asm;asmx</Extensions>
    </Filter>
    <Filter Include="Header Files">
      <UniqueIdentifier>{93995380-89BD-4b04-88EB-625FBE52EBFB}</UniqueIdentifier>
      <Extensions>h;hpp;hxx;hm;inl;inc;xsd</Extensions>
    </Filter>
    <Filter Include="Resource Files">
      <UniqueIdentifier>{67DA6AB6-F800-4c08-8B7A-83BB121AAD01}</UniqueIdentifier>
      <Extensions>rc;ico;cur;bmp;dlg;rc2;rct;bin;rgs;gif;jpg;jpeg;jpe;resx;tiff;tif;png;wav;mfcribbon-ms</Extensions>
    </Filter>
    <Filter Include="Header Files\Atmos">
      <UniqueIdentifier>{722d94bb-2999-4aec-b3f1-12fdd0fd321d}</UniqueIdentifier>
    </Filter>
    <Filter Include="Source Files\Atmos">
      <UniqueIdentifier>{f3062965-a234-434b-91dc-8bf1b26c9768}</UniqueIdentifier>
    </Filter>
  </ItemGroup>
  <ItemGroup>
    <ClInclude Include="..\..\rtmath\rtmath\absorb.h">
      <Filter>Header Files\Atmos</Filter>
    </ClInclude>
    <ClInclude Include="..\..\rtmath\rtmath\atmos.h">
      <Filter>Header Files\Atmos</Filter>
    </ClInclude>
    <ClInclude Include="..\..\rtmath\rtmath\atmoslayer.h">
      <Filter>Header Files\Atmos</Filter>
    </ClInclude>
    <ClInclude Include="..\..\rtmath\rtmath\lbl.h">
      <Filter>Header Files\Atmos</Filter>
    </ClInclude>
  </ItemGroup>
  <ItemGroup>
    <ClCompile Include="..\..\rtmath\src\absorb.cpp">
      <Filter>Source Files\Atmos</Filter>
    </ClCompile>
    <ClCompile Include="..\..\rtmath\src\absorber.cpp">
      <Filter>Source Files\Atmos</Filter>
    </ClCompile>
    <ClCompile Include="..\..\rtmath\src\atmos.cpp">
      <Filter>Source Files\Atmos</Filter>
    </ClCompile>
    <ClCompile Include="..\..\rtmath\src\atmoslayer.cpp">
      <Filter>Source Files\Atmos</Filter>
    </ClCompile>
    <ClCompile Include="..\..\rtmath\src\Stdafx.cpp">
      <Filter>Source Files</Filter>
    </ClCompile>
  </ItemGroup>
</Project>