<?xml version="1.0" encoding="utf-8"?>
<Project ToolsVersion="4.0" xmlns="http://schemas.microsoft.com/developer/msbuild/2003">
  <ItemGroup>
    <Filter Include="Source Files">
      <UniqueIdentifier>{4FC737F1-C7A5-4376-A066-2A32D752A2FF}</UniqueIdentifier>
      <Extensions>cpp;c;cc;cxx;def;odl;idl;hpj;bat;asm;asmx</Extensions>
    </Filter>
    <Filter Include="Header Files">
      <UniqueIdentifier>{93995380-89BD-4b04-88EB-625FBE52EBFB}</UniqueIdentifier>
      <Extensions>h;hpp;hxx;hm;inl;inc;xsd</Extensions>
    </Filter>
    <Filter Include="Resource Files">
      <UniqueIdentifier>{67DA6AB6-F800-4c08-8B7A-83BB121AAD01}</UniqueIdentifier>
      <Extensions>rc;ico;cur;bmp;dlg;rc2;rct;bin;rgs;gif;jpg;jpeg;jpe;resx;tiff;tif;png;wav;mfcribbon-ms</Extensions>
    </Filter>
    <Filter Include="Header Files\polynomials">
      <UniqueIdentifier>{d832dad9-12de-4141-a520-d60296f3899b}</UniqueIdentifier>
    </Filter>
    <Filter Include="Header Files\General">
      <UniqueIdentifier>{346584e9-f675-49db-a1c5-6e4791059c5e}</UniqueIdentifier>
    </Filter>
    <Filter Include="Header Files\error">
      <UniqueIdentifier>{941c5562-5625-4cae-8159-f90fbf92b664}</UniqueIdentifier>
    </Filter>
    <Filter Include="Header Files\Public Domain">
      <UniqueIdentifier>{78abb929-0eea-4a81-ab45-437e324544a6}</UniqueIdentifier>
    </Filter>
    <Filter Include="Other">
      <UniqueIdentifier>{5c95470c-fa74-4c91-b959-5f44d1064f62}</UniqueIdentifier>
    </Filter>
    <Filter Include="Source Files\Serialization">
      <UniqueIdentifier>{28847972-8323-4bea-89b8-f207c3eb3112}</UniqueIdentifier>
    </Filter>
    <Filter Include="Header Files\Serialization">
      <UniqueIdentifier>{57011950-0429-4cb9-be53-e28dc490e948}</UniqueIdentifier>
    </Filter>
    <Filter Include="Source Files\polynomials">
      <UniqueIdentifier>{23e26436-edc0-426f-b2e2-fd025d57ee36}</UniqueIdentifier>
    </Filter>
    <Filter Include="Source Files\Public Domain">
      <UniqueIdentifier>{74a55660-fa41-454e-8e1c-401953f0a0f7}</UniqueIdentifier>
    </Filter>
    <Filter Include="Source Files\General">
      <UniqueIdentifier>{d079045e-ccd6-4f3b-9ea0-2665bfd70d25}</UniqueIdentifier>
    </Filter>
    <Filter Include="Source Files\error">
      <UniqueIdentifier>{3d612fe6-4619-4d31-a027-de8a103c493b}</UniqueIdentifier>
    </Filter>
  </ItemGroup>
  <ItemGroup>
    <ClInclude Include="..\..\rtmath\rtmath\polynomials\chebyshev.h">
      <Filter>Header Files\polynomials</Filter>
    </ClInclude>
    <ClInclude Include="..\..\rtmath\rtmath\polynomials\hermite.h">
      <Filter>Header Files\polynomials</Filter>
    </ClInclude>
    <ClInclude Include="..\..\rtmath\rtmath\polynomials\laguerre.h">
      <Filter>Header Files\polynomials</Filter>
    </ClInclude>
    <ClInclude Include="..\..\rtmath\rtmath\polynomials\legendre.h">
      <Filter>Header Files\polynomials</Filter>
    </ClInclude>
    <ClInclude Include="..\..\rtmath\rtmath\polynomials\recursivePolynomial.h">
      <Filter>Header Files\polynomials</Filter>
    </ClInclude>
    <ClInclude Include="..\..\rtmath\rtmath\command.h">
      <Filter>Header Files\General</Filter>
    </ClInclude>
    <ClInclude Include="..\..\rtmath\rtmath\VTKlink.h">
      <Filter>Header Files\General</Filter>
    </ClInclude>
    <ClInclude Include="..\..\rtmath\rtmath\common_templates.h">
      <Filter>Header Files\General</Filter>
    </ClInclude>
    <ClInclude Include="..\..\rtmath\rtmath\config.h">
      <Filter>Header Files\General</Filter>
    </ClInclude>
    <ClInclude Include="..\..\rtmath\rtmath\defs.h">
      <Filter>Header Files\General</Filter>
    </ClInclude>
    <ClInclude Include="..\..\rtmath\rtmath\MagickLINK.h">
      <Filter>Header Files\General</Filter>
    </ClInclude>
    <ClInclude Include="..\..\rtmath\rtmath\PCLlink.h">
      <Filter>Header Files\General</Filter>
    </ClInclude>
    <ClInclude Include="..\..\rtmath\rtmath\ROOT_functions.h">
      <Filter>Header Files\General</Filter>
    </ClInclude>
    <ClInclude Include="..\..\rtmath\rtmath\ROOTlink.h">
      <Filter>Header Files\General</Filter>
    </ClInclude>
    <ClInclude Include="..\..\rtmath\rtmath\splitSet.h">
      <Filter>Header Files\General</Filter>
    </ClInclude>
    <ClInclude Include="..\..\rtmath\rtmath\units.h">
      <Filter>Header Files\General</Filter>
    </ClInclude>
    <ClInclude Include="..\..\rtmath\rtmath\zeros.h">
      <Filter>Header Files\General</Filter>
    </ClInclude>
    <ClInclude Include="..\..\rtmath\rtmath\error\debug.h">
      <Filter>Header Files\error</Filter>
    </ClInclude>
    <ClInclude Include="..\..\rtmath\rtmath\error\debug_mem.h">
      <Filter>Header Files\error</Filter>
    </ClInclude>
    <ClInclude Include="..\..\rtmath\rtmath\error\debug_mem_class.h">
      <Filter>Header Files\error</Filter>
    </ClInclude>
    <ClInclude Include="..\..\rtmath\rtmath\error\error.h">
      <Filter>Header Files\error</Filter>
    </ClInclude>
    <ClInclude Include="..\..\rtmath\rtmath\refract.h">
      <Filter>Header Files\General</Filter>
    </ClInclude>
    <ClInclude Include="..\..\rtmath\rtmath\quadrature.h">
      <Filter>Header Files\General</Filter>
    </ClInclude>
    <ClInclude Include="..\..\rtmath\rtmath\polynomial.h">
      <Filter>Header Files\General</Filter>
    </ClInclude>
    <ClInclude Include="..\..\rtmath\rtmath\matrixop.h">
      <Filter>Header Files\General</Filter>
    </ClInclude>
    <ClInclude Include="..\..\rtmath\rtmath\macros.h">
      <Filter>Header Files\General</Filter>
    </ClInclude>
    <ClInclude Include="..\..\rtmath\rtmath\density.h">
      <Filter>Header Files\General</Filter>
    </ClInclude>
    <ClInclude Include="..\..\rtmath\rtmath\denseMatrix.h">
      <Filter>Header Files\General</Filter>
    </ClInclude>
    <ClInclude Include="..\..\rtmath\rtmath\Public_Domain\MurmurHash3.h">
      <Filter>Header Files\Public Domain</Filter>
    </ClInclude>
    <ClInclude Include="..\..\rtmath\other\disabled_poly\assocLegendre.h">
      <Filter>Other</Filter>
    </ClInclude>
    <ClInclude Include="..\..\rtmath\rtmath\coords.h">
      <Filter>Header Files\General</Filter>
    </ClInclude>
    <ClInclude Include="..\..\rtmath\rtmath\depGraph.h">
      <Filter>Header Files\General</Filter>
    </ClInclude>
    <ClInclude Include="..\..\rtmath\rtmath\Serialization\matrixop_serialization.h">
      <Filter>Header Files\Serialization</Filter>
    </ClInclude>
    <ClInclude Include="..\..\rtmath\rtmath\Serialization\common_templates_serialization.h">
      <Filter>Header Files\Serialization</Filter>
    </ClInclude>
    <ClInclude Include="..\..\rtmath\rtmath\serialization.h">
      <Filter>Header Files\Serialization</Filter>
    </ClInclude>
    <ClInclude Include="..\..\rtmath\rtmath\Serialization\serialization_macros.h">
      <Filter>Header Files\Serialization</Filter>
    </ClInclude>
  </ItemGroup>
  <ItemGroup>
    <None Include="..\..\rtmath\rtmath\error\debug_subversion.h.template">
      <Filter>Header Files\error</Filter>
    </None>
    <None Include="..\..\rtmath\rtmath\cmake-settings.h.in">
      <Filter>Header Files\General</Filter>
    </None>
  </ItemGroup>
  <ItemGroup>
    <ClCompile Include="..\..\rtmath\other\disabled_poly\assocLegendre.cpp">
      <Filter>Other</Filter>
    </ClCompile>
    <ClCompile Include="..\..\rtmath\src\common_templates_serialization.cpp">
      <Filter>Source Files\Serialization</Filter>
    </ClCompile>
    <ClCompile Include="..\..\rtmath\src\matrixop_serialization.cpp">
      <Filter>Source Files\Serialization</Filter>
    </ClCompile>
    <ClCompile Include="..\..\rtmath\src\serialization.cpp">
      <Filter>Source Files\Serialization</Filter>
    </ClCompile>
    <ClCompile Include="..\..\rtmath\src\MurmurHash3.cpp">
      <Filter>Source Files\Public Domain</Filter>
    </ClCompile>
    <ClCompile Include="..\..\rtmath\src\recursivePolynomial.cpp">
      <Filter>Source Files\polynomials</Filter>
    </ClCompile>
    <ClCompile Include="..\..\rtmath\src\chebyshev.cpp">
      <Filter>Source Files\polynomials</Filter>
    </ClCompile>
    <ClCompile Include="..\..\rtmath\src\hermite.cpp">
      <Filter>Source Files\polynomials</Filter>
    </ClCompile>
    <ClCompile Include="..\..\rtmath\src\laguerre.cpp">
      <Filter>Source Files\polynomials</Filter>
    </ClCompile>
    <ClCompile Include="..\..\rtmath\src\legendre.cpp">
      <Filter>Source Files\polynomials</Filter>
    </ClCompile>
    <ClCompile Include="..\..\rtmath\src\command.cpp">
      <Filter>Source Files\General</Filter>
    </ClCompile>
    <ClCompile Include="..\..\rtmath\src\config.cpp">
      <Filter>Source Files\General</Filter>
    </ClCompile>
    <ClCompile Include="..\..\rtmath\src\coords.cpp">
      <Filter>Source Files\General</Filter>
    </ClCompile>
    <ClCompile Include="..\..\rtmath\src\denseMatrix.cpp">
      <Filter>Source Files\General</Filter>
    </ClCompile>
    <ClCompile Include="..\..\rtmath\src\density.cpp">
      <Filter>Source Files\General</Filter>
    </ClCompile>
    <ClCompile Include="..\..\rtmath\src\depGraph.cpp">
      <Filter>Source Files\General</Filter>
    </ClCompile>
    <ClCompile Include="..\..\rtmath\src\os_functions.cpp">
      <Filter>Source Files\General</Filter>
    </ClCompile>
    <ClCompile Include="..\..\rtmath\src\matrixop.cpp">
      <Filter>Source Files\General</Filter>
    </ClCompile>
    <ClCompile Include="..\..\rtmath\src\polynomial.cpp">
      <Filter>Source Files\General</Filter>
    </ClCompile>
    <ClCompile Include="..\..\rtmath\src\quadrature.cpp">
      <Filter>Source Files\General</Filter>
    </ClCompile>
    <ClCompile Include="..\..\rtmath\src\refract.cpp">
      <Filter>Source Files\General</Filter>
    </ClCompile>
    <ClCompile Include="..\..\rtmath\src\splitSet.cpp">
      <Filter>Source Files\General</Filter>
    </ClCompile>
    <ClCompile Include="..\..\rtmath\src\units.cpp">
      <Filter>Source Files\General</Filter>
    </ClCompile>
    <ClCompile Include="..\..\rtmath\src\zeros.cpp">
      <Filter>Source Files\General</Filter>
    </ClCompile>
    <ClCompile Include="..\..\rtmath\src\thermal.cpp">
      <Filter>Source Files\General</Filter>
    </ClCompile>
    <ClCompile Include="..\..\rtmath\src\debug.cpp">
      <Filter>Source Files\error</Filter>
    </ClCompile>
    <ClCompile Include="..\..\rtmath\src\debug_mem.cpp">
      <Filter>Source Files\error</Filter>
    </ClCompile>
    <ClCompile Include="..\..\rtmath\src\error.cpp">
      <Filter>Source Files\error</Filter>
    </ClCompile>
    <ClCompile Include="Stdafx.cpp">
      <Filter>Source Files\General</Filter>
    </ClCompile>
  </ItemGroup>
</Project>