<?xml version="1.0" encoding="utf-8"?>
<Project ToolsVersion="4.0" xmlns="http://schemas.microsoft.com/developer/msbuild/2003">
  <ItemGroup>
    <Filter Include="Source Files">
      <UniqueIdentifier>{e4fef5b2-2c46-40db-bca2-91d158ef1e8f}</UniqueIdentifier>
    </Filter>
    <Filter Include="Header Files">
      <UniqueIdentifier>{6837693d-26fb-47dd-b3b0-b377ed4506bc}</UniqueIdentifier>
    </Filter>
    <Filter Include="Header Files\da">
      <UniqueIdentifier>{3ad24e21-5f85-43d9-b8ec-d5f46cbdf79d}</UniqueIdentifier>
    </Filter>
    <Filter Include="Header Files\mie">
      <UniqueIdentifier>{252610e9-8c4d-480b-be53-a341dc0bbba8}</UniqueIdentifier>
    </Filter>
    <Filter Include="Header Files\Errors">
      <UniqueIdentifier>{924b6c41-c7c6-41e2-8cab-49dfd3c97cdf}</UniqueIdentifier>
    </Filter>
    <Filter Include="Header Files\Public Domain">
      <UniqueIdentifier>{79614487-25e4-471d-a88c-5d6a0a27d4a9}</UniqueIdentifier>
    </Filter>
    <Filter Include="Header Files\recursive">
      <UniqueIdentifier>{fc5f5846-36ee-42bf-b76b-1221d6ec2a80}</UniqueIdentifier>
    </Filter>
    <Filter Include="Header Files\rayleigh">
      <UniqueIdentifier>{0e24e72d-5522-4f91-a753-197b3f38fa79}</UniqueIdentifier>
    </Filter>
    <Filter Include="Header Files\General">
      <UniqueIdentifier>{29217384-6130-40ef-9767-daa47ac3ac11}</UniqueIdentifier>
    </Filter>
    <Filter Include="Misc">
      <UniqueIdentifier>{531986c4-0702-47c0-94c4-7ee7ec5fa288}</UniqueIdentifier>
    </Filter>
  </ItemGroup>
  <ItemGroup>
    <ClInclude Include="rtmath\polynomials\chebyshev.h">
      <Filter>Header Files\recursive</Filter>
    </ClInclude>
    <ClInclude Include="rtmath\polynomials\hermite.h">
      <Filter>Header Files\recursive</Filter>
    </ClInclude>
    <ClInclude Include="rtmath\polynomials\laguerre.h">
      <Filter>Header Files\recursive</Filter>
    </ClInclude>
    <ClInclude Include="rtmath\polynomials\legendre.h">
      <Filter>Header Files\recursive</Filter>
    </ClInclude>
    <ClInclude Include="rtmath\polynomials\recursivePolynomial.h">
      <Filter>Header Files\recursive</Filter>
    </ClInclude>
    <ClInclude Include="rtmath\mie\mie.h">
      <Filter>Header Files\mie</Filter>
    </ClInclude>
    <ClInclude Include="rtmath\mie\mie-abNCalc.h">
      <Filter>Header Files\mie</Filter>
    </ClInclude>
    <ClInclude Include="rtmath\mie\mie-AnCalc.h">
      <Filter>Header Files\mie</Filter>
    </ClInclude>
    <ClInclude Include="rtmath\mie\mie-phaseFunc.h">
      <Filter>Header Files\mie</Filter>
    </ClInclude>
    <ClInclude Include="rtmath\mie\mie-piNCalc.h">
      <Filter>Header Files\mie</Filter>
    </ClInclude>
    <ClInclude Include="rtmath\mie\mie-Qcalc.h">
      <Filter>Header Files\mie</Filter>
    </ClInclude>
    <ClInclude Include="rtmath\mie\mie-Scalc.h">
      <Filter>Header Files\mie</Filter>
    </ClInclude>
    <ClInclude Include="rtmath\mie\mie-tauNCalc.h">
      <Filter>Header Files\mie</Filter>
    </ClInclude>
    <ClInclude Include="rtmath\mie\mie-wnCalc.h">
      <Filter>Header Files\mie</Filter>
    </ClInclude>
    <ClInclude Include="rtmath\rayleigh\Qcalc-Rayleigh.h">
      <Filter>Header Files\rayleigh</Filter>
    </ClInclude>
    <ClInclude Include="rtmath\rayleigh\rayleigh.h">
      <Filter>Header Files\rayleigh</Filter>
    </ClInclude>
    <ClInclude Include="rtmath\rayleigh\rayleighPhaseFunc.h">
      <Filter>Header Files\rayleigh</Filter>
    </ClInclude>
    <ClInclude Include="rtmath\rayleigh\Scalc-Rayleigh.h">
      <Filter>Header Files\rayleigh</Filter>
    </ClInclude>
    <ClInclude Include="rtmath\Public_Domain\MurmurHash3.h">
      <Filter>Header Files\Public Domain</Filter>
    </ClInclude>
    <ClInclude Include="rtmath\error\debug.h">
      <Filter>Header Files\Errors</Filter>
    </ClInclude>
    <ClInclude Include="rtmath\error\debug_mem.h">
      <Filter>Header Files\Errors</Filter>
    </ClInclude>
    <ClInclude Include="rtmath\error\debug_mem_class.h">
      <Filter>Header Files\Errors</Filter>
    </ClInclude>
    <ClInclude Include="rtmath\error\error.h">
      <Filter>Header Files\Errors</Filter>
    </ClInclude>
    <ClInclude Include="rtmath\da\daDiagonalMatrix.h">
      <Filter>Header Files\da</Filter>
    </ClInclude>
    <ClInclude Include="rtmath\da\daInitLayer.h">
      <Filter>Header Files\da</Filter>
    </ClInclude>
    <ClInclude Include="rtmath\da\daLayer.h">
      <Filter>Header Files\da</Filter>
    </ClInclude>
    <ClInclude Include="rtmath\da\damatrix.h">
      <Filter>Header Files\da</Filter>
    </ClInclude>
    <ClInclude Include="rtmath\da\damatrix_override.h">
      <Filter>Header Files\da</Filter>
    </ClInclude>
    <ClInclude Include="rtmath\da\damatrix_quad.h">
      <Filter>Header Files\da</Filter>
    </ClInclude>
    <ClInclude Include="rtmath\da\daPf.h">
      <Filter>Header Files\da</Filter>
    </ClInclude>
    <ClInclude Include="rtmath\atmos.h">
      <Filter>Header Files\General</Filter>
    </ClInclude>
    <ClInclude Include="rtmath\cdf-ddscat.h">
      <Filter>Header Files\General</Filter>
    </ClInclude>
    <ClInclude Include="rtmath\command.h">
      <Filter>Header Files\General</Filter>
    </ClInclude>
    <ClInclude Include="rtmath\common_templates.h">
      <Filter>Header Files\General</Filter>
    </ClInclude>
    <ClInclude Include="rtmath\config.h">
      <Filter>Header Files\General</Filter>
    </ClInclude>
    <ClInclude Include="rtmath\ddscat.h">
      <Filter>Header Files\General</Filter>
    </ClInclude>
    <ClInclude Include="rtmath\defs.h">
      <Filter>Header Files\General</Filter>
    </ClInclude>
    <ClInclude Include="rtmath\enums.h">
      <Filter>Header Files\General</Filter>
    </ClInclude>
    <ClInclude Include="rtmath\lbl.h">
      <Filter>Header Files\General</Filter>
    </ClInclude>
    <ClInclude Include="rtmath\macros.h">
      <Filter>Header Files\General</Filter>
    </ClInclude>
    <ClInclude Include="rtmath\mapid.h">
      <Filter>Header Files\General</Filter>
    </ClInclude>
    <ClInclude Include="rtmath\matrixop.h">
      <Filter>Header Files\General</Filter>
    </ClInclude>
    <ClInclude Include="rtmath\pfFixed.h">
      <Filter>Header Files\General</Filter>
    </ClInclude>
    <ClInclude Include="rtmath\phaseFunc.h">
      <Filter>Header Files\General</Filter>
    </ClInclude>
    <ClInclude Include="rtmath\polynomial.h">
      <Filter>Header Files\General</Filter>
    </ClInclude>
    <ClInclude Include="rtmath\quadrature.h">
      <Filter>Header Files\General</Filter>
    </ClInclude>
    <ClInclude Include="rtmath\resource.h">
      <Filter>Header Files\General</Filter>
    </ClInclude>
    <ClInclude Include="rtmath\rtmath.h">
      <Filter>Header Files\General</Filter>
    </ClInclude>
    <ClInclude Include="rtmath\splitstring.h">
      <Filter>Header Files\General</Filter>
    </ClInclude>
    <ClInclude Include="rtmath\Stdafx.h">
      <Filter>Header Files\General</Filter>
    </ClInclude>
    <ClInclude Include="rtmath\zeros.h">
      <Filter>Header Files\General</Filter>
    </ClInclude>
    <ClInclude Include="rtmath\absorb_basic.h">
      <Filter>Header Files\General</Filter>
    </ClInclude>
  </ItemGroup>
  <ItemGroup>
    <None Include="rtmath\error\debug_subversion.h.template">
      <Filter>Header Files\Errors</Filter>
    </None>
    <None Include="app.ico">
      <Filter>Misc</Filter>
    </None>
    <None Include="rtlogo.png">
      <Filter>Misc</Filter>
    </None>
    <None Include="getRev.csh">
      <Filter>Misc</Filter>
    </None>
    <None Include="Makefile">
      <Filter>Misc</Filter>
    </None>
    <None Include="Readme.txt">
      <Filter>Misc</Filter>
    </None>
  </ItemGroup>
  <ItemGroup>
    <ClCompile Include="src\atmos.cpp">
      <Filter>Source Files</Filter>
    </ClCompile>
    <ClCompile Include="src\chebyshev.cpp">
      <Filter>Source Files</Filter>
    </ClCompile>
    <ClCompile Include="src\command.cpp">
      <Filter>Source Files</Filter>
    </ClCompile>
    <ClCompile Include="src\config.cpp">
      <Filter>Source Files</Filter>
    </ClCompile>
    <ClCompile Include="src\daDiagonalMatrix.cpp">
      <Filter>Source Files</Filter>
    </ClCompile>
    <ClCompile Include="src\daInitLayer.cpp">
      <Filter>Source Files</Filter>
    </ClCompile>
    <ClCompile Include="src\daLayer.cpp">
      <Filter>Source Files</Filter>
    </ClCompile>
    <ClCompile Include="src\damatrix.cpp">
      <Filter>Source Files</Filter>
    </ClCompile>
    <ClCompile Include="src\damatrix_quad.cpp">
      <Filter>Source Files</Filter>
    </ClCompile>
    <ClCompile Include="src\daPf.cpp">
      <Filter>Source Files</Filter>
    </ClCompile>
    <ClCompile Include="src\ddscat.cpp">
      <Filter>Source Files</Filter>
    </ClCompile>
    <ClCompile Include="src\debug.cpp">
      <Filter>Source Files</Filter>
    </ClCompile>
    <ClCompile Include="src\debug_mem.cpp">
      <Filter>Source Files</Filter>
    </ClCompile>
    <ClCompile Include="src\error.cpp">
      <Filter>Source Files</Filter>
    </ClCompile>
    <ClCompile Include="src\hermite.cpp">
      <Filter>Source Files</Filter>
    </ClCompile>
    <ClCompile Include="src\laguerre.cpp">
      <Filter>Source Files</Filter>
    </ClCompile>
    <ClCompile Include="src\lbl.cpp">
      <Filter>Source Files</Filter>
    </ClCompile>
    <ClCompile Include="src\legendre.cpp">
      <Filter>Source Files</Filter>
    </ClCompile>
    <ClCompile Include="src\matrixop.cpp">
      <Filter>Source Files</Filter>
    </ClCompile>
    <ClCompile Include="src\mie-abNCalc.cpp">
      <Filter>Source Files</Filter>
    </ClCompile>
    <ClCompile Include="src\mie-AnCalc.cpp">
      <Filter>Source Files</Filter>
    </ClCompile>
    <ClCompile Include="src\mie-phaseFunc.cpp">
      <Filter>Source Files</Filter>
    </ClCompile>
    <ClCompile Include="src\mie-piNCalc.cpp">
      <Filter>Source Files</Filter>
    </ClCompile>
    <ClCompile Include="src\mie-Qcalc.cpp">
      <Filter>Source Files</Filter>
    </ClCompile>
    <ClCompile Include="src\mie-Scalc.cpp">
      <Filter>Source Files</Filter>
    </ClCompile>
    <ClCompile Include="src\mie-tauNCalc.cpp">
      <Filter>Source Files</Filter>
    </ClCompile>
    <ClCompile Include="src\mie-wnCalc.cpp">
      <Filter>Source Files</Filter>
    </ClCompile>
    <ClCompile Include="src\MurmurHash3.cpp">
      <Filter>Source Files</Filter>
    </ClCompile>
    <ClCompile Include="src\pfFixed.cpp">
      <Filter>Source Files</Filter>
    </ClCompile>
    <ClCompile Include="src\phaseFunc.cpp">
      <Filter>Source Files</Filter>
    </ClCompile>
    <ClCompile Include="src\polynomial.cpp">
      <Filter>Source Files</Filter>
    </ClCompile>
    <ClCompile Include="src\Qcalc-Rayleigh.cpp">
      <Filter>Source Files</Filter>
    </ClCompile>
    <ClCompile Include="src\quadrature.cpp">
      <Filter>Source Files</Filter>
    </ClCompile>
    <ClCompile Include="src\rayleighPhaseFunc.cpp">
      <Filter>Source Files</Filter>
    </ClCompile>
    <ClCompile Include="src\recursivePolynomial.cpp">
      <Filter>Source Files</Filter>
    </ClCompile>
    <ClCompile Include="src\rtmath.cpp">
      <Filter>Source Files</Filter>
    </ClCompile>
    <ClCompile Include="src\Scalc-Rayleigh.cpp">
      <Filter>Source Files</Filter>
    </ClCompile>
    <ClCompile Include="src\Stdafx.cpp">
      <Filter>Source Files</Filter>
    </ClCompile>
    <ClCompile Include="src\zeros.cpp">
      <Filter>Source Files</Filter>
    </ClCompile>
    <ClCompile Include="src\absorb_basic.cpp">
      <Filter>Source Files</Filter>
    </ClCompile>
  </ItemGroup>
  <ItemGroup>
    <ResourceCompile Include="app.rc">
      <Filter>Misc</Filter>
    </ResourceCompile>
  </ItemGroup>
</Project>