<?xml version="1.0" encoding="utf-8"?>
<Project ToolsVersion="4.0" xmlns="http://schemas.microsoft.com/developer/msbuild/2003">
  <ItemGroup>
    <Filter Include="Source Files">
      <UniqueIdentifier>{4FC737F1-C7A5-4376-A066-2A32D752A2FF}</UniqueIdentifier>
      <Extensions>cpp;c;cc;cxx;def;odl;idl;hpj;bat;asm;asmx</Extensions>
    </Filter>
    <Filter Include="Header Files">
      <UniqueIdentifier>{93995380-89BD-4b04-88EB-625FBE52EBFB}</UniqueIdentifier>
      <Extensions>h;hpp;hxx;hm;inl;inc;xsd</Extensions>
    </Filter>
    <Filter Include="Resource Files">
      <UniqueIdentifier>{67DA6AB6-F800-4c08-8B7A-83BB121AAD01}</UniqueIdentifier>
      <Extensions>rc;ico;cur;bmp;dlg;rc2;rct;bin;rgs;gif;jpg;jpeg;jpe;resx;tiff;tif;png;wav;mfcribbon-ms</Extensions>
    </Filter>
    <Filter Include="Header Files\General">
      <UniqueIdentifier>{a7c52fd2-2d99-4ad5-a3f3-e48c3035a680}</UniqueIdentifier>
    </Filter>
    <Filter Include="Header Files\da">
      <UniqueIdentifier>{3faafd43-2512-4f4b-bbfa-ea906ba6853e}</UniqueIdentifier>
    </Filter>
    <Filter Include="Header Files\ddscat">
      <UniqueIdentifier>{37d8c950-3dce-4918-9a38-efad5b2a5c34}</UniqueIdentifier>
    </Filter>
    <Filter Include="Other">
      <UniqueIdentifier>{f7c8153f-c912-4808-b6eb-a91e6a835db1}</UniqueIdentifier>
    </Filter>
    <Filter Include="Source Files\General">
      <UniqueIdentifier>{1c84426a-daff-4a32-9d23-716be753bc18}</UniqueIdentifier>
    </Filter>
    <Filter Include="Source Files\da">
      <UniqueIdentifier>{b6bac7d5-fec5-4443-ac95-844f5aec70dc}</UniqueIdentifier>
    </Filter>
    <Filter Include="Source Files\ddscat">
      <UniqueIdentifier>{ad15545a-2d63-4bb5-ab21-e7712f156154}</UniqueIdentifier>
    </Filter>
    <Filter Include="Header Files\Garrett">
      <UniqueIdentifier>{8ab09eab-8c9c-4b97-a614-1c9c7ed6005f}</UniqueIdentifier>
    </Filter>
    <Filter Include="Source Files\Garrett">
      <UniqueIdentifier>{7b21466c-e757-46a2-bff7-e5768a3769c7}</UniqueIdentifier>
    </Filter>
  </ItemGroup>
  <ItemGroup>
    <ClInclude Include="rtmath\enums.h">
      <Filter>Header Files\General</Filter>
    </ClInclude>
    <ClInclude Include="rtmath\interpolatable.h">
      <Filter>Header Files\General</Filter>
    </ClInclude>
    <ClInclude Include="rtmath\mapid.h">
      <Filter>Header Files\General</Filter>
    </ClInclude>
    <ClInclude Include="rtmath\pfFixed.h">
      <Filter>Header Files\General</Filter>
    </ClInclude>
    <ClInclude Include="rtmath\phaseFunc.h">
      <Filter>Header Files\General</Filter>
    </ClInclude>
    <ClInclude Include="rtmath\resource.h">
      <Filter>Header Files\General</Filter>
    </ClInclude>
    <ClInclude Include="rtmath\rtmath.h">
      <Filter>Header Files\General</Filter>
    </ClInclude>
    <ClInclude Include="rtmath\Stdafx.h">
      <Filter>Header Files\General</Filter>
    </ClInclude>
    <ClInclude Include="rtmath\da\daDiagonalMatrix.h">
      <Filter>Header Files\da</Filter>
    </ClInclude>
    <ClInclude Include="rtmath\da\daInitLayer.h">
      <Filter>Header Files\da</Filter>
    </ClInclude>
    <ClInclude Include="rtmath\da\daLayer.h">
      <Filter>Header Files\da</Filter>
    </ClInclude>
    <ClInclude Include="rtmath\da\damatrix.h">
      <Filter>Header Files\da</Filter>
    </ClInclude>
    <ClInclude Include="rtmath\da\damatrix_override.h">
      <Filter>Header Files\da</Filter>
    </ClInclude>
    <ClInclude Include="rtmath\da\damatrix_quad.h">
      <Filter>Header Files\da</Filter>
    </ClInclude>
    <ClInclude Include="rtmath\da\daPf.h">
      <Filter>Header Files\da</Filter>
    </ClInclude>
    <ClInclude Include="rtmath\da\daStatic.h">
      <Filter>Header Files\da</Filter>
    </ClInclude>
    <ClInclude Include="rtmath\ddscat\cdf-ddscat.h">
      <Filter>Header Files\ddscat</Filter>
    </ClInclude>
    <ClInclude Include="rtmath\ddscat\ddLoader.h">
      <Filter>Header Files\ddscat</Filter>
    </ClInclude>
    <ClInclude Include="rtmath\ddscat\ddOutput.h">
      <Filter>Header Files\ddscat</Filter>
    </ClInclude>
    <ClInclude Include="rtmath\ddscat\ddOutputEnsemble.h">
      <Filter>Header Files\ddscat</Filter>
    </ClInclude>
    <ClInclude Include="rtmath\ddscat\ddOutputSingle.h">
      <Filter>Header Files\ddscat</Filter>
    </ClInclude>
    <ClInclude Include="rtmath\ddscat\ddscat.h">
      <Filter>Header Files\ddscat</Filter>
    </ClInclude>
    <ClInclude Include="rtmath\ddscat\ddScattMatrix.h">
      <Filter>Header Files\ddscat</Filter>
    </ClInclude>
    <ClInclude Include="rtmath\ddscat\ddweights.h">
      <Filter>Header Files\ddscat</Filter>
    </ClInclude>
    <ClInclude Include="rtmath\ddscat\shapefile.h">
      <Filter>Header Files\ddscat</Filter>
    </ClInclude>
    <ClInclude Include="rtmath\ddscat\ddpar.h">
      <Filter>Header Files\ddscat</Filter>
    </ClInclude>
    <ClInclude Include="rtmath\ddscat\parids.h">
      <Filter>Header Files\ddscat</Filter>
    </ClInclude>
    <ClInclude Include="rtmath\parsers.h">
      <Filter>Header Files\General</Filter>
    </ClInclude>
    <ClInclude Include="rtmath\ddscat\mtab.h">
      <Filter>Header Files\ddscat</Filter>
    </ClInclude>
    <ClInclude Include="rtmath\ddscat\ddparGenerator.h">
      <Filter>Header Files\ddscat</Filter>
    </ClInclude>
    <ClInclude Include="rtmath\ddscat\shapes.h">
      <Filter>Header Files\ddscat</Filter>
    </ClInclude>
    <ClInclude Include="rtmath\ddscat\rotations.h">
      <Filter>Header Files\ddscat</Filter>
    </ClInclude>
    <ClInclude Include="rtmath\ddscat\runScripts.h">
      <Filter>Header Files\ddscat</Filter>
    </ClInclude>
    <ClInclude Include="rtmath\ddscat\shapestats.h">
      <Filter>Header Files\ddscat</Filter>
    </ClInclude>
    <ClInclude Include="rtmath\ddscat\hulls.h">
      <Filter>Header Files\ddscat</Filter>
    </ClInclude>
    <ClInclude Include="rtmath\Garrett\image.h">
      <Filter>Header Files\Garrett</Filter>
    </ClInclude>
    <ClInclude Include="rtmath\Garrett\mesh.h">
      <Filter>Header Files\Garrett</Filter>
    </ClInclude>
    <ClInclude Include="rtmath\Garrett\pclstuff.h">
      <Filter>Header Files\Garrett</Filter>
    </ClInclude>
    <ClInclude Include="rtmath\ddscat\shapestatsviews.h">
      <Filter>Header Files\ddscat</Filter>
    </ClInclude>
    <ClInclude Include="rtmath\ddscat\shapestatsRotated.h">
      <Filter>Header Files\ddscat</Filter>
    </ClInclude>
    <ClInclude Include="rtmath\ddscat\ddavg.h">
      <Filter>Header Files\ddscat</Filter>
    </ClInclude>
    <ClInclude Include="rtmath\ddscat\tmData.h">
      <Filter>Header Files\ddscat</Filter>
    </ClInclude>
    <ClInclude Include="rtmath\ddscat\muellerRelations.h">
      <Filter>Header Files\ddscat</Filter>
    </ClInclude>
    <ClInclude Include="rtmath\ddscat\crossSection.h">
      <Filter>Header Files\ddscat</Filter>
    </ClInclude>
  </ItemGroup>
  <ItemGroup>
    <None Include="app.ico">
      <Filter>Resource Files</Filter>
    </None>
    <None Include="CMakeLists.txt">
      <Filter>Resource Files</Filter>
    </None>
    <None Include="getRev.csh">
      <Filter>Resource Files</Filter>
    </None>
    <None Include="prebuild.bat">
      <Filter>Resource Files</Filter>
    </None>
    <None Include="prebuild.csh">
      <Filter>Resource Files</Filter>
    </None>
    <None Include="Readme.txt">
      <Filter>Resource Files</Filter>
    </None>
    <None Include="rtlogo.png">
      <Filter>Resource Files</Filter>
    </None>
    <None Include="other\absorb.f">
      <Filter>Other</Filter>
    </None>
    <None Include="other\mcx.f">
      <Filter>Other</Filter>
    </None>
    <None Include="other\old_atmos.cpp.txt">
      <Filter>Other</Filter>
    </None>
    <None Include="other\old_atmos.h.txt">
      <Filter>Other</Filter>
    </None>
    <None Include="other\old_damatrix.cpp.txt">
      <Filter>Other</Filter>
    </None>
    <None Include="other\old_damatrix.h.txt">
      <Filter>Other</Filter>
    </None>
    <None Include="other\old_damatrix_quad.cpp.txt">
      <Filter>Other</Filter>
    </None>
    <None Include="other\old_damatrix_quad.h.txt">
      <Filter>Other</Filter>
    </None>
    <None Include="other\old_layer.cpp.txt">
      <Filter>Other</Filter>
    </None>
    <None Include="other\old_layer.h.txt">
      <Filter>Other</Filter>
    </None>
    <None Include="files_src.cmake">
      <Filter>Resource Files</Filter>
    </None>
  </ItemGroup>
  <ItemGroup>
    <ResourceCompile Include="app.rc">
      <Filter>Resource Files</Filter>
    </ResourceCompile>
  </ItemGroup>
  <ItemGroup>
    <ClCompile Include="other\lbl.cpp">
      <Filter>Other</Filter>
    </ClCompile>
    <ClCompile Include="src\daDiagonalMatrix.cpp">
      <Filter>Source Files\da</Filter>
    </ClCompile>
    <ClCompile Include="src\daStatic.cpp">
      <Filter>Source Files\da</Filter>
    </ClCompile>
    <ClCompile Include="src\daInitLayer.cpp">
      <Filter>Source Files\da</Filter>
    </ClCompile>
    <ClCompile Include="src\daLayer.cpp">
      <Filter>Source Files\da</Filter>
    </ClCompile>
    <ClCompile Include="src\damatrix.cpp">
      <Filter>Source Files\da</Filter>
    </ClCompile>
    <ClCompile Include="src\damatrix_quad.cpp">
      <Filter>Source Files\da</Filter>
    </ClCompile>
    <ClCompile Include="src\daPf.cpp">
      <Filter>Source Files\da</Filter>
    </ClCompile>
    <ClCompile Include="src\ddLoader.cpp">
      <Filter>Source Files\ddscat</Filter>
    </ClCompile>
    <ClCompile Include="src\ddweights.cpp">
      <Filter>Source Files\ddscat</Filter>
    </ClCompile>
    <ClCompile Include="src\ddOutput.cpp">
      <Filter>Source Files\ddscat</Filter>
    </ClCompile>
    <ClCompile Include="src\ddOutputEnsemble.cpp">
      <Filter>Source Files\ddscat</Filter>
    </ClCompile>
    <ClCompile Include="src\ddOutputSingle.cpp">
      <Filter>Source Files\ddscat</Filter>
    </ClCompile>
    <ClCompile Include="src\ddscat.cpp">
      <Filter>Source Files\ddscat</Filter>
    </ClCompile>
    <ClCompile Include="src\ddScattMatrix.cpp">
      <Filter>Source Files\ddscat</Filter>
    </ClCompile>
    <ClCompile Include="src\interpolatable.cpp">
      <Filter>Source Files\General</Filter>
    </ClCompile>
    <ClCompile Include="src\pfFixed.cpp">
      <Filter>Source Files\General</Filter>
    </ClCompile>
    <ClCompile Include="src\phaseFunc.cpp">
      <Filter>Source Files\General</Filter>
    </ClCompile>
    <ClCompile Include="src\Stdafx.cpp">
      <Filter>Source Files\General</Filter>
    </ClCompile>
    <ClCompile Include="src\surfaces.cpp">
      <Filter>Source Files\General</Filter>
    </ClCompile>
    <ClCompile Include="src\shapefile.cpp">
      <Filter>Source Files\ddscat</Filter>
    </ClCompile>
    <ClCompile Include="src\ddpar.cpp">
      <Filter>Source Files\ddscat</Filter>
    </ClCompile>
    <ClCompile Include="src\mtab.cpp">
      <Filter>Source Files\ddscat</Filter>
    </ClCompile>
    <ClCompile Include="src\shapes.cpp">
      <Filter>Source Files\ddscat</Filter>
    </ClCompile>
    <ClCompile Include="src\ddparGenerator.cpp">
      <Filter>Source Files\ddscat</Filter>
    </ClCompile>
    <ClCompile Include="src\rotations.cpp">
      <Filter>Source Files\ddscat</Filter>
    </ClCompile>
    <ClCompile Include="src\runScripts.cpp">
      <Filter>Source Files\ddscat</Filter>
    </ClCompile>
    <ClCompile Include="src\shapes-generators.cpp">
      <Filter>Source Files\ddscat</Filter>
    </ClCompile>
    <ClCompile Include="src\shapestats.cpp">
      <Filter>Source Files\ddscat</Filter>
    </ClCompile>
    <ClCompile Include="src\hulls.cpp">
      <Filter>Source Files\ddscat</Filter>
    </ClCompile>
    <ClCompile Include="src\image.cpp">
      <Filter>Source Files\Garrett</Filter>
    </ClCompile>
    <ClCompile Include="src\mesh.cpp">
      <Filter>Source Files\Garrett</Filter>
    </ClCompile>
    <ClCompile Include="src\pclstuff.cpp">
      <Filter>Source Files\Garrett</Filter>
    </ClCompile>
    <ClCompile Include="src\shapestatsRotated.cpp">
      <Filter>Source Files\ddscat</Filter>
    </ClCompile>
    <ClCompile Include="src\shapestats_genstats.cpp">
      <Filter>Source Files\ddscat</Filter>
    </ClCompile>
    <ClCompile Include="src\tmData.cpp">
      <Filter>Source Files\General</Filter>
    </ClCompile>
    <ClCompile Include="src\muellerRelations.cpp">
      <Filter>Source Files\ddscat</Filter>
    </ClCompile>
    <ClCompile Include="src\crossSection.cpp">
      <Filter>Source Files\ddscat</Filter>
    </ClCompile>
  </ItemGroup>
</Project>