
Microsoft Visual Studio Solution File, Format Version 11.00
# Visual Studio 2010
Project("{8BC9CEB8-8B4A-11D0-8D11-00A0C91BC942}") = "rtmath", "rtmath\rtmath.vcxproj", "{B80CE2C2-2D78-464D-B936-8977BC6083D7}"
EndProject
Project("{8BC9CEB8-8B4A-11D0-8D11-00A0C91BC942}") = "rtmath-tests", "rtmath\tests\tests.vcxproj", "{C6105613-011F-4CD5-9013-28DBF945C2E4}"
	ProjectSection(ProjectDependencies) = postProject
		{B80CE2C2-2D78-464D-B936-8977BC6083D7} = {B80CE2C2-2D78-464D-B936-8977BC6083D7}
	EndProjectSection
EndProject
Project("{2150E333-8FDC-42A3-9474-1A3956D46DE8}") = "Apps", "Apps", "{3410248F-F4B3-4444-96BD-AEEA3BCE4B57}"
	ProjectSection(SolutionItems) = preProject
		rtmath-apps\CMakeLists.txt = rtmath-apps\CMakeLists.txt
	EndProjectSection
EndProject
Project("{8BC9CEB8-8B4A-11D0-8D11-00A0C91BC942}") = "transmittance", "rtmath-apps\transmittance\transmittance.vcxproj", "{985581C5-8E25-4C98-8705-54F08BF17BA0}"
EndProject
Project("{8BC9CEB8-8B4A-11D0-8D11-00A0C91BC942}") = "uuid", "rtmath-apps\uuid\uuid.vcxproj", "{702A5A3B-A44A-4AEE-B674-F6B644C58C5B}"
EndProject
Project("{8BC9CEB8-8B4A-11D0-8D11-00A0C91BC942}") = "sector", "rtmath-apps\sector\sector.vcxproj", "{FF4D8B8E-11F1-4900-B320-41124E771E59}"
EndProject
Project("{8BC9CEB8-8B4A-11D0-8D11-00A0C91BC942}") = "rtmath-version", "rtmath-apps\rtmath-version\rtmath-version.vcxproj", "{C00C5380-DAC9-4A6E-9393-5591FBAC10E9}"
EndProject
Project("{8BC9CEB8-8B4A-11D0-8D11-00A0C91BC942}") = "getm", "rtmath-apps\getm\getm.vcxproj", "{20E4E437-440B-4658-82AA-49429534ED5B}"
EndProject
Project("{8BC9CEB8-8B4A-11D0-8D11-00A0C91BC942}") = "ddscat-genparams", "rtmath-apps\ddscat-genparams\ddscat-genparams.vcxproj", "{18E27288-94CB-4A3E-A7F9-1CF6026ACDFD}"
EndProject
Project("{8BC9CEB8-8B4A-11D0-8D11-00A0C91BC942}") = "ddparse", "rtmath-apps\ddparse\ddparse.vcxproj", "{BAB01CC0-F745-4FB5-A3D5-155033B3528C}"
EndProject
Project("{8BC9CEB8-8B4A-11D0-8D11-00A0C91BC942}") = "db-catalog-ddscat", "rtmath-apps\db-catalog-ddscat\db-catalog-ddscat.vcxproj", "{9B434441-E431-45CA-8F1E-A6686D7AFBE4}"
EndProject
Project("{8BC9CEB8-8B4A-11D0-8D11-00A0C91BC942}") = "da", "rtmath-apps\da\da.vcxproj", "{A6617ABB-9368-40E1-B789-153DE593E53B}"
EndProject
Project("{8BC9CEB8-8B4A-11D0-8D11-00A0C91BC942}") = "conv-units", "rtmath-apps\conv-units\conv-units.vcxproj", "{C4D3B89E-70BA-494B-A1A5-253F9E658163}"
EndProject
Project("{8BC9CEB8-8B4A-11D0-8D11-00A0C91BC942}") = "combo", "rtmath-apps\combo\combo.vcxproj", "{14EECC93-7DFF-4B07-8BEE-01BC94F77EFE}"
EndProject
Project("{8BC9CEB8-8B4A-11D0-8D11-00A0C91BC942}") = "atmosplot", "rtmath-apps\atmosplot\atmosplot.vcxproj", "{C8628A02-F87D-45D8-BEF6-544C41835314}"
EndProject
Project("{8BC9CEB8-8B4A-11D0-8D11-00A0C91BC942}") = "absorb-slab", "rtmath-apps\absorb-slab\absorb-slab.vcxproj", "{732F68F7-7E2B-428A-B33C-F193D4C0994A}"
EndProject
Project("{8BC9CEB8-8B4A-11D0-8D11-00A0C91BC942}") = "mie", "rtmath-apps\mie\mie.vcxproj", "{4BB3CAA5-7675-459D-B256-9BD54EFF8D4B}"
EndProject
Project("{8BC9CEB8-8B4A-11D0-8D11-00A0C91BC942}") = "shape", "rtmath-apps\shape\shape.vcxproj", "{7055E1A9-189D-4A0E-B904-B947FD76F27B}"
EndProject
Global
	GlobalSection(SubversionScc) = preSolution
		Svn-Managed = True
		Manager = AnkhSVN - Subversion Support for Visual Studio
	EndGlobalSection
	GlobalSection(SolutionConfigurationPlatforms) = preSolution
		Debug|Win32 = Debug|Win32
		Release|Win32 = Release|Win32
	EndGlobalSection
	GlobalSection(ProjectConfigurationPlatforms) = postSolution
		{B80CE2C2-2D78-464D-B936-8977BC6083D7}.Debug|Win32.ActiveCfg = Debug|Win32
		{B80CE2C2-2D78-464D-B936-8977BC6083D7}.Debug|Win32.Build.0 = Debug|Win32
		{B80CE2C2-2D78-464D-B936-8977BC6083D7}.Release|Win32.ActiveCfg = Release|Win32
		{B80CE2C2-2D78-464D-B936-8977BC6083D7}.Release|Win32.Build.0 = Release|Win32
		{C6105613-011F-4CD5-9013-28DBF945C2E4}.Debug|Win32.ActiveCfg = Debug|Win32
		{C6105613-011F-4CD5-9013-28DBF945C2E4}.Debug|Win32.Build.0 = Debug|Win32
		{C6105613-011F-4CD5-9013-28DBF945C2E4}.Release|Win32.ActiveCfg = Release|Win32
		{C6105613-011F-4CD5-9013-28DBF945C2E4}.Release|Win32.Build.0 = Release|Win32
		{985581C5-8E25-4C98-8705-54F08BF17BA0}.Debug|Win32.ActiveCfg = Debug|Win32
		{985581C5-8E25-4C98-8705-54F08BF17BA0}.Debug|Win32.Build.0 = Debug|Win32
		{985581C5-8E25-4C98-8705-54F08BF17BA0}.Release|Win32.ActiveCfg = Release|Win32
		{985581C5-8E25-4C98-8705-54F08BF17BA0}.Release|Win32.Build.0 = Release|Win32
		{702A5A3B-A44A-4AEE-B674-F6B644C58C5B}.Debug|Win32.ActiveCfg = Debug|Win32
		{702A5A3B-A44A-4AEE-B674-F6B644C58C5B}.Debug|Win32.Build.0 = Debug|Win32
		{702A5A3B-A44A-4AEE-B674-F6B644C58C5B}.Release|Win32.ActiveCfg = Release|Win32
		{702A5A3B-A44A-4AEE-B674-F6B644C58C5B}.Release|Win32.Build.0 = Release|Win32
		{FF4D8B8E-11F1-4900-B320-41124E771E59}.Debug|Win32.ActiveCfg = Debug|Win32
		{FF4D8B8E-11F1-4900-B320-41124E771E59}.Debug|Win32.Build.0 = Debug|Win32
		{FF4D8B8E-11F1-4900-B320-41124E771E59}.Release|Win32.ActiveCfg = Release|Win32
		{FF4D8B8E-11F1-4900-B320-41124E771E59}.Release|Win32.Build.0 = Release|Win32
		{C00C5380-DAC9-4A6E-9393-5591FBAC10E9}.Debug|Win32.ActiveCfg = Debug|Win32
		{C00C5380-DAC9-4A6E-9393-5591FBAC10E9}.Debug|Win32.Build.0 = Debug|Win32
		{C00C5380-DAC9-4A6E-9393-5591FBAC10E9}.Release|Win32.ActiveCfg = Release|Win32
		{C00C5380-DAC9-4A6E-9393-5591FBAC10E9}.Release|Win32.Build.0 = Release|Win32
		{20E4E437-440B-4658-82AA-49429534ED5B}.Debug|Win32.ActiveCfg = Debug|Win32
		{20E4E437-440B-4658-82AA-49429534ED5B}.Debug|Win32.Build.0 = Debug|Win32
		{20E4E437-440B-4658-82AA-49429534ED5B}.Release|Win32.ActiveCfg = Release|Win32
		{20E4E437-440B-4658-82AA-49429534ED5B}.Release|Win32.Build.0 = Release|Win32
		{18E27288-94CB-4A3E-A7F9-1CF6026ACDFD}.Debug|Win32.ActiveCfg = Debug|Win32
		{18E27288-94CB-4A3E-A7F9-1CF6026ACDFD}.Debug|Win32.Build.0 = Debug|Win32
		{18E27288-94CB-4A3E-A7F9-1CF6026ACDFD}.Release|Win32.ActiveCfg = Release|Win32
		{18E27288-94CB-4A3E-A7F9-1CF6026ACDFD}.Release|Win32.Build.0 = Release|Win32
		{BAB01CC0-F745-4FB5-A3D5-155033B3528C}.Debug|Win32.ActiveCfg = Debug|Win32
		{BAB01CC0-F745-4FB5-A3D5-155033B3528C}.Debug|Win32.Build.0 = Debug|Win32
		{BAB01CC0-F745-4FB5-A3D5-155033B3528C}.Release|Win32.ActiveCfg = Release|Win32
		{BAB01CC0-F745-4FB5-A3D5-155033B3528C}.Release|Win32.Build.0 = Release|Win32
		{9B434441-E431-45CA-8F1E-A6686D7AFBE4}.Debug|Win32.ActiveCfg = Debug|Win32
		{9B434441-E431-45CA-8F1E-A6686D7AFBE4}.Debug|Win32.Build.0 = Debug|Win32
		{9B434441-E431-45CA-8F1E-A6686D7AFBE4}.Release|Win32.ActiveCfg = Release|Win32
		{9B434441-E431-45CA-8F1E-A6686D7AFBE4}.Release|Win32.Build.0 = Release|Win32
		{A6617ABB-9368-40E1-B789-153DE593E53B}.Debug|Win32.ActiveCfg = Debug|Win32
		{A6617ABB-9368-40E1-B789-153DE593E53B}.Debug|Win32.Build.0 = Debug|Win32
		{A6617ABB-9368-40E1-B789-153DE593E53B}.Release|Win32.ActiveCfg = Release|Win32
		{A6617ABB-9368-40E1-B789-153DE593E53B}.Release|Win32.Build.0 = Release|Win32
		{C4D3B89E-70BA-494B-A1A5-253F9E658163}.Debug|Win32.ActiveCfg = Debug|Win32
		{C4D3B89E-70BA-494B-A1A5-253F9E658163}.Debug|Win32.Build.0 = Debug|Win32
		{C4D3B89E-70BA-494B-A1A5-253F9E658163}.Release|Win32.ActiveCfg = Release|Win32
		{C4D3B89E-70BA-494B-A1A5-253F9E658163}.Release|Win32.Build.0 = Release|Win32
		{14EECC93-7DFF-4B07-8BEE-01BC94F77EFE}.Debug|Win32.ActiveCfg = Debug|Win32
		{14EECC93-7DFF-4B07-8BEE-01BC94F77EFE}.Debug|Win32.Build.0 = Debug|Win32
		{14EECC93-7DFF-4B07-8BEE-01BC94F77EFE}.Release|Win32.ActiveCfg = Release|Win32
		{14EECC93-7DFF-4B07-8BEE-01BC94F77EFE}.Release|Win32.Build.0 = Release|Win32
		{C8628A02-F87D-45D8-BEF6-544C41835314}.Debug|Win32.ActiveCfg = Debug|Win32
		{C8628A02-F87D-45D8-BEF6-544C41835314}.Debug|Win32.Build.0 = Debug|Win32
		{C8628A02-F87D-45D8-BEF6-544C41835314}.Release|Win32.ActiveCfg = Release|Win32
		{C8628A02-F87D-45D8-BEF6-544C41835314}.Release|Win32.Build.0 = Release|Win32
		{732F68F7-7E2B-428A-B33C-F193D4C0994A}.Debug|Win32.ActiveCfg = Debug|Win32
		{732F68F7-7E2B-428A-B33C-F193D4C0994A}.Debug|Win32.Build.0 = Debug|Win32
		{732F68F7-7E2B-428A-B33C-F193D4C0994A}.Release|Win32.ActiveCfg = Release|Win32
		{732F68F7-7E2B-428A-B33C-F193D4C0994A}.Release|Win32.Build.0 = Release|Win32
		{4BB3CAA5-7675-459D-B256-9BD54EFF8D4B}.Debug|Win32.ActiveCfg = Debug|Win32
		{4BB3CAA5-7675-459D-B256-9BD54EFF8D4B}.Debug|Win32.Build.0 = Debug|Win32
		{4BB3CAA5-7675-459D-B256-9BD54EFF8D4B}.Release|Win32.ActiveCfg = Release|Win32
		{4BB3CAA5-7675-459D-B256-9BD54EFF8D4B}.Release|Win32.Build.0 = Release|Win32
		{7055E1A9-189D-4A0E-B904-B947FD76F27B}.Debug|Win32.ActiveCfg = Debug|Win32
		{7055E1A9-189D-4A0E-B904-B947FD76F27B}.Debug|Win32.Build.0 = Debug|Win32
		{7055E1A9-189D-4A0E-B904-B947FD76F27B}.Release|Win32.ActiveCfg = Release|Win32
		{7055E1A9-189D-4A0E-B904-B947FD76F27B}.Release|Win32.Build.0 = Release|Win32
	EndGlobalSection
	GlobalSection(SolutionProperties) = preSolution
		HideSolutionNode = FALSE
	EndGlobalSection
	GlobalSection(NestedProjects) = preSolution
		{985581C5-8E25-4C98-8705-54F08BF17BA0} = {3410248F-F4B3-4444-96BD-AEEA3BCE4B57}
		{702A5A3B-A44A-4AEE-B674-F6B644C58C5B} = {3410248F-F4B3-4444-96BD-AEEA3BCE4B57}
		{FF4D8B8E-11F1-4900-B320-41124E771E59} = {3410248F-F4B3-4444-96BD-AEEA3BCE4B57}
		{C00C5380-DAC9-4A6E-9393-5591FBAC10E9} = {3410248F-F4B3-4444-96BD-AEEA3BCE4B57}
		{20E4E437-440B-4658-82AA-49429534ED5B} = {3410248F-F4B3-4444-96BD-AEEA3BCE4B57}
		{18E27288-94CB-4A3E-A7F9-1CF6026ACDFD} = {3410248F-F4B3-4444-96BD-AEEA3BCE4B57}
		{BAB01CC0-F745-4FB5-A3D5-155033B3528C} = {3410248F-F4B3-4444-96BD-AEEA3BCE4B57}
		{9B434441-E431-45CA-8F1E-A6686D7AFBE4} = {3410248F-F4B3-4444-96BD-AEEA3BCE4B57}
		{A6617ABB-9368-40E1-B789-153DE593E53B} = {3410248F-F4B3-4444-96BD-AEEA3BCE4B57}
		{C4D3B89E-70BA-494B-A1A5-253F9E658163} = {3410248F-F4B3-4444-96BD-AEEA3BCE4B57}
		{14EECC93-7DFF-4B07-8BEE-01BC94F77EFE} = {3410248F-F4B3-4444-96BD-AEEA3BCE4B57}
		{C8628A02-F87D-45D8-BEF6-544C41835314} = {3410248F-F4B3-4444-96BD-AEEA3BCE4B57}
		{732F68F7-7E2B-428A-B33C-F193D4C0994A} = {3410248F-F4B3-4444-96BD-AEEA3BCE4B57}
		{4BB3CAA5-7675-459D-B256-9BD54EFF8D4B} = {3410248F-F4B3-4444-96BD-AEEA3BCE4B57}
		{7055E1A9-189D-4A0E-B904-B947FD76F27B} = {3410248F-F4B3-4444-96BD-AEEA3BCE4B57}
	EndGlobalSection
EndGlobal
