
Microsoft Visual Studio Solution File, Format Version 11.00
# Visual Studio 2010
Project("{8BC9CEB8-8B4A-11D0-8D11-00A0C91BC942}") = "rtmath", "rtmath\rtmath.vcxproj", "{57CE7C52-D622-4E29-B868-107A7E1AB51E}"
EndProject
Project("{8BC9CEB8-8B4A-11D0-8D11-00A0C91BC942}") = "rtmath-console-test", "rtmath-console-test\rtmath-console-test.vcxproj", "{343AC1E0-DC48-42EF-AF8E-2B3CB5D2364C}"
EndProject
Project("{8BC9CEB8-8B4A-11D0-8D11-00A0C91BC942}") = "rtmath-win-ui", "rtmath-win-ui\rtmath-win-ui.vcxproj", "{7E4C1611-2802-4F75-8DC3-F3F23C1E49C9}"
	ProjectSection(ProjectDependencies) = postProject
		{9F1195CF-C78E-4FCD-9EEA-27ECC46F46EA} = {9F1195CF-C78E-4FCD-9EEA-27ECC46F46EA}
	EndProjectSection
EndProject
Project("{8BC9CEB8-8B4A-11D0-8D11-00A0C91BC942}") = "rtmath-qt-ui", "rtmath-qt-ui\rtmath-qt-ui.vcxproj", "{3491BB77-E050-4FF0-AC1B-5BD19367D883}"
EndProject
Project("{8BC9CEB8-8B4A-11D0-8D11-00A0C91BC942}") = "mie", "mie\mie.vcxproj", "{7EC1D8B2-5A81-4F21-A9BC-C65C73EA87EA}"
EndProject
Project("{8BC9CEB8-8B4A-11D0-8D11-00A0C91BC942}") = "glgraph", "glgraph\glgraph.vcxproj", "{F3993BF9-0AF1-44CD-B5EA-8D069F5188E9}"
EndProject
Project("{8BC9CEB8-8B4A-11D0-8D11-00A0C91BC942}") = "glgraph-win", "glgraph-win\glgraph-win.vcxproj", "{9F1195CF-C78E-4FCD-9EEA-27ECC46F46EA}"
EndProject
Project("{8BC9CEB8-8B4A-11D0-8D11-00A0C91BC942}") = "netcdf-managed", "netcdf-managed\netcdf-managed.vcxproj", "{FEF8D776-19B9-4865-BB44-C1F62116579C}"
EndProject
Project("{8BC9CEB8-8B4A-11D0-8D11-00A0C91BC942}") = "rayleigh", "rayleigh\rayleigh.vcxproj", "{45C058B2-9D7B-4063-B2C3-B9528CC82AFD}"
EndProject
Project("{2150E333-8FDC-42A3-9474-1A3956D46DE8}") = "gl", "gl", "{78C13545-08D3-4E25-AC3A-E852D4FFC073}"
EndProject
Project("{2150E333-8FDC-42A3-9474-1A3956D46DE8}") = "PhaseFuncs", "PhaseFuncs", "{4C6519CE-D058-4166-A265-09205D3D54A5}"
EndProject
Project("{2150E333-8FDC-42A3-9474-1A3956D46DE8}") = "ui", "ui", "{B80DF6DB-DF2D-4CC1-8494-BBED66DD6C80}"
EndProject
Global
	GlobalSection(SubversionScc) = preSolution
		Svn-Managed = True
		Manager = AnkhSVN - Subversion Support for Visual Studio
	EndGlobalSection
	GlobalSection(SolutionConfigurationPlatforms) = preSolution
		Debug|Win32 = Debug|Win32
		Debug|x64 = Debug|x64
		Release|Win32 = Release|Win32
		Release|x64 = Release|x64
	EndGlobalSection
	GlobalSection(ProjectConfigurationPlatforms) = postSolution
		{57CE7C52-D622-4E29-B868-107A7E1AB51E}.Debug|Win32.ActiveCfg = Debug|Win32
		{57CE7C52-D622-4E29-B868-107A7E1AB51E}.Debug|Win32.Build.0 = Debug|Win32
		{57CE7C52-D622-4E29-B868-107A7E1AB51E}.Debug|x64.ActiveCfg = Debug|x64
		{57CE7C52-D622-4E29-B868-107A7E1AB51E}.Debug|x64.Build.0 = Debug|x64
		{57CE7C52-D622-4E29-B868-107A7E1AB51E}.Release|Win32.ActiveCfg = Release|Win32
		{57CE7C52-D622-4E29-B868-107A7E1AB51E}.Release|Win32.Build.0 = Release|Win32
		{57CE7C52-D622-4E29-B868-107A7E1AB51E}.Release|x64.ActiveCfg = Release|x64
		{57CE7C52-D622-4E29-B868-107A7E1AB51E}.Release|x64.Build.0 = Release|x64
		{343AC1E0-DC48-42EF-AF8E-2B3CB5D2364C}.Debug|Win32.ActiveCfg = Debug|Win32
		{343AC1E0-DC48-42EF-AF8E-2B3CB5D2364C}.Debug|Win32.Build.0 = Debug|Win32
		{343AC1E0-DC48-42EF-AF8E-2B3CB5D2364C}.Debug|x64.ActiveCfg = Debug|x64
		{343AC1E0-DC48-42EF-AF8E-2B3CB5D2364C}.Debug|x64.Build.0 = Debug|x64
		{343AC1E0-DC48-42EF-AF8E-2B3CB5D2364C}.Release|Win32.ActiveCfg = Release|Win32
		{343AC1E0-DC48-42EF-AF8E-2B3CB5D2364C}.Release|Win32.Build.0 = Release|Win32
		{343AC1E0-DC48-42EF-AF8E-2B3CB5D2364C}.Release|x64.ActiveCfg = Release|x64
		{343AC1E0-DC48-42EF-AF8E-2B3CB5D2364C}.Release|x64.Build.0 = Release|x64
		{7E4C1611-2802-4F75-8DC3-F3F23C1E49C9}.Debug|Win32.ActiveCfg = Debug|Win32
		{7E4C1611-2802-4F75-8DC3-F3F23C1E49C9}.Debug|Win32.Build.0 = Debug|Win32
		{7E4C1611-2802-4F75-8DC3-F3F23C1E49C9}.Debug|x64.ActiveCfg = Debug|x64
		{7E4C1611-2802-4F75-8DC3-F3F23C1E49C9}.Release|Win32.ActiveCfg = Release|Win32
		{7E4C1611-2802-4F75-8DC3-F3F23C1E49C9}.Release|x64.ActiveCfg = Release|x64
		{3491BB77-E050-4FF0-AC1B-5BD19367D883}.Debug|Win32.ActiveCfg = Debug|Win32
		{3491BB77-E050-4FF0-AC1B-5BD19367D883}.Debug|x64.ActiveCfg = Debug|x64
		{3491BB77-E050-4FF0-AC1B-5BD19367D883}.Release|Win32.ActiveCfg = Release|Win32
		{3491BB77-E050-4FF0-AC1B-5BD19367D883}.Release|x64.ActiveCfg = Release|x64
		{7EC1D8B2-5A81-4F21-A9BC-C65C73EA87EA}.Debug|Win32.ActiveCfg = Debug|Win32
		{7EC1D8B2-5A81-4F21-A9BC-C65C73EA87EA}.Debug|Win32.Build.0 = Debug|Win32
		{7EC1D8B2-5A81-4F21-A9BC-C65C73EA87EA}.Debug|x64.ActiveCfg = Debug|x64
		{7EC1D8B2-5A81-4F21-A9BC-C65C73EA87EA}.Debug|x64.Build.0 = Debug|x64
		{7EC1D8B2-5A81-4F21-A9BC-C65C73EA87EA}.Release|Win32.ActiveCfg = Release|Win32
		{7EC1D8B2-5A81-4F21-A9BC-C65C73EA87EA}.Release|Win32.Build.0 = Release|Win32
		{7EC1D8B2-5A81-4F21-A9BC-C65C73EA87EA}.Release|x64.ActiveCfg = Release|x64
		{7EC1D8B2-5A81-4F21-A9BC-C65C73EA87EA}.Release|x64.Build.0 = Release|x64
		{F3993BF9-0AF1-44CD-B5EA-8D069F5188E9}.Debug|Win32.ActiveCfg = Debug|Win32
		{F3993BF9-0AF1-44CD-B5EA-8D069F5188E9}.Debug|Win32.Build.0 = Debug|Win32
		{F3993BF9-0AF1-44CD-B5EA-8D069F5188E9}.Debug|x64.ActiveCfg = Debug|x64
		{F3993BF9-0AF1-44CD-B5EA-8D069F5188E9}.Release|Win32.ActiveCfg = Release|Win32
		{F3993BF9-0AF1-44CD-B5EA-8D069F5188E9}.Release|x64.ActiveCfg = Release|x64
		{9F1195CF-C78E-4FCD-9EEA-27ECC46F46EA}.Debug|Win32.ActiveCfg = Debug|Win32
		{9F1195CF-C78E-4FCD-9EEA-27ECC46F46EA}.Debug|Win32.Build.0 = Debug|Win32
		{9F1195CF-C78E-4FCD-9EEA-27ECC46F46EA}.Debug|x64.ActiveCfg = Debug|x64
		{9F1195CF-C78E-4FCD-9EEA-27ECC46F46EA}.Release|Win32.ActiveCfg = Release|Win32
		{9F1195CF-C78E-4FCD-9EEA-27ECC46F46EA}.Release|x64.ActiveCfg = Release|x64
		{FEF8D776-19B9-4865-BB44-C1F62116579C}.Debug|Win32.ActiveCfg = Debug|Win32
		{FEF8D776-19B9-4865-BB44-C1F62116579C}.Debug|Win32.Build.0 = Debug|Win32
		{FEF8D776-19B9-4865-BB44-C1F62116579C}.Debug|x64.ActiveCfg = Debug|x64
		{FEF8D776-19B9-4865-BB44-C1F62116579C}.Debug|x64.Build.0 = Debug|x64
		{FEF8D776-19B9-4865-BB44-C1F62116579C}.Release|Win32.ActiveCfg = Release|Win32
		{FEF8D776-19B9-4865-BB44-C1F62116579C}.Release|Win32.Build.0 = Release|Win32
		{FEF8D776-19B9-4865-BB44-C1F62116579C}.Release|x64.ActiveCfg = Release|x64
		{FEF8D776-19B9-4865-BB44-C1F62116579C}.Release|x64.Build.0 = Release|x64
		{45C058B2-9D7B-4063-B2C3-B9528CC82AFD}.Debug|Win32.ActiveCfg = Debug|Win32
		{45C058B2-9D7B-4063-B2C3-B9528CC82AFD}.Debug|Win32.Build.0 = Debug|Win32
		{45C058B2-9D7B-4063-B2C3-B9528CC82AFD}.Debug|x64.ActiveCfg = Debug|x64
		{45C058B2-9D7B-4063-B2C3-B9528CC82AFD}.Debug|x64.Build.0 = Debug|x64
		{45C058B2-9D7B-4063-B2C3-B9528CC82AFD}.Release|Win32.ActiveCfg = Release|Win32
		{45C058B2-9D7B-4063-B2C3-B9528CC82AFD}.Release|Win32.Build.0 = Release|Win32
		{45C058B2-9D7B-4063-B2C3-B9528CC82AFD}.Release|x64.ActiveCfg = Release|x64
		{45C058B2-9D7B-4063-B2C3-B9528CC82AFD}.Release|x64.Build.0 = Release|x64
	EndGlobalSection
	GlobalSection(SolutionProperties) = preSolution
		HideSolutionNode = FALSE
	EndGlobalSection
	GlobalSection(NestedProjects) = preSolution
		{3491BB77-E050-4FF0-AC1B-5BD19367D883} = {B80DF6DB-DF2D-4CC1-8494-BBED66DD6C80}
		{7E4C1611-2802-4F75-8DC3-F3F23C1E49C9} = {B80DF6DB-DF2D-4CC1-8494-BBED66DD6C80}
		{45C058B2-9D7B-4063-B2C3-B9528CC82AFD} = {4C6519CE-D058-4166-A265-09205D3D54A5}
		{7EC1D8B2-5A81-4F21-A9BC-C65C73EA87EA} = {4C6519CE-D058-4166-A265-09205D3D54A5}
		{9F1195CF-C78E-4FCD-9EEA-27ECC46F46EA} = {78C13545-08D3-4E25-AC3A-E852D4FFC073}
		{F3993BF9-0AF1-44CD-B5EA-8D069F5188E9} = {78C13545-08D3-4E25-AC3A-E852D4FFC073}
	EndGlobalSection
EndGlobal
