<?xml version="1.0" encoding="utf-8"?>
<Project ToolsVersion="4.0" xmlns="http://schemas.microsoft.com/developer/msbuild/2003">
  <ItemGroup>
    <Filter Include="Source Files">
      <UniqueIdentifier>{4FC737F1-C7A5-4376-A066-2A32D752A2FF}</UniqueIdentifier>
      <Extensions>cpp;c;cc;cxx;def;odl;idl;hpj;bat;asm;asmx</Extensions>
    </Filter>
    <Filter Include="Header Files">
      <UniqueIdentifier>{93995380-89BD-4b04-88EB-625FBE52EBFB}</UniqueIdentifier>
      <Extensions>h;hpp;hxx;hm;inl;inc;xsd</Extensions>
    </Filter>
    <Filter Include="Resource Files">
      <UniqueIdentifier>{67DA6AB6-F800-4c08-8B7A-83BB121AAD01}</UniqueIdentifier>
      <Extensions>rc;ico;cur;bmp;dlg;rc2;rct;bin;rgs;gif;jpg;jpeg;jpe;resx;tiff;tif;png;wav;mfcribbon-ms</Extensions>
    </Filter>
    <Filter Include="Source Files\rayleigh">
      <UniqueIdentifier>{219faf23-ad36-4f58-a091-15034db915b6}</UniqueIdentifier>
    </Filter>
    <Filter Include="Source Files\mie">
      <UniqueIdentifier>{97d925bc-b0f2-4a8a-a81b-d049dff5f80f}</UniqueIdentifier>
    </Filter>
    <Filter Include="Header Files\rayleigh">
      <UniqueIdentifier>{505d8011-2d9a-4f51-8290-9cf5b2cc1e2e}</UniqueIdentifier>
    </Filter>
    <Filter Include="Header Files\mie">
      <UniqueIdentifier>{9a5a7919-7dee-4d09-8e00-5d53cee3d7c8}</UniqueIdentifier>
    </Filter>
  </ItemGroup>
  <ItemGroup>
    <ClCompile Include="..\..\rtmath\src\Qcalc-Rayleigh.cpp">
      <Filter>Source Files\rayleigh</Filter>
    </ClCompile>
    <ClCompile Include="..\..\rtmath\src\rayleighPhaseFunc.cpp">
      <Filter>Source Files\rayleigh</Filter>
    </ClCompile>
    <ClCompile Include="..\..\rtmath\src\Scalc-Rayleigh.cpp">
      <Filter>Source Files\rayleigh</Filter>
    </ClCompile>
    <ClCompile Include="..\..\rtmath\src\ddOutputMie.cpp">
      <Filter>Source Files\mie</Filter>
    </ClCompile>
    <ClCompile Include="..\..\rtmath\src\mie-abNCalc.cpp">
      <Filter>Source Files\mie</Filter>
    </ClCompile>
    <ClCompile Include="..\..\rtmath\src\mie-AnCalc.cpp">
      <Filter>Source Files\mie</Filter>
    </ClCompile>
    <ClCompile Include="..\..\rtmath\src\mie-phaseFunc.cpp">
      <Filter>Source Files\mie</Filter>
    </ClCompile>
    <ClCompile Include="..\..\rtmath\src\mie-piNCalc.cpp">
      <Filter>Source Files\mie</Filter>
    </ClCompile>
    <ClCompile Include="..\..\rtmath\src\mie-Qcalc.cpp">
      <Filter>Source Files\mie</Filter>
    </ClCompile>
    <ClCompile Include="..\..\rtmath\src\mie-Scalc.cpp">
      <Filter>Source Files\mie</Filter>
    </ClCompile>
    <ClCompile Include="..\..\rtmath\src\mie-tauNCalc.cpp">
      <Filter>Source Files\mie</Filter>
    </ClCompile>
    <ClCompile Include="..\..\rtmath\src\mie-wnCalc.cpp">
      <Filter>Source Files\mie</Filter>
    </ClCompile>
    <ClCompile Include="..\..\rtmath\src\mieScattMatrix.cpp">
      <Filter>Source Files\mie</Filter>
    </ClCompile>
    <ClCompile Include="..\..\rtmath\src\Stdafx.cpp">
      <Filter>Source Files</Filter>
    </ClCompile>
  </ItemGroup>
  <ItemGroup>
    <ClInclude Include="..\..\rtmath\rtmath\rayleigh\Qcalc-Rayleigh.h">
      <Filter>Header Files\rayleigh</Filter>
    </ClInclude>
    <ClInclude Include="..\..\rtmath\rtmath\rayleigh\rayleigh.h">
      <Filter>Header Files\rayleigh</Filter>
    </ClInclude>
    <ClInclude Include="..\..\rtmath\rtmath\rayleigh\rayleighPhaseFunc.h">
      <Filter>Header Files\rayleigh</Filter>
    </ClInclude>
    <ClInclude Include="..\..\rtmath\rtmath\rayleigh\Scalc-Rayleigh.h">
      <Filter>Header Files\rayleigh</Filter>
    </ClInclude>
    <ClInclude Include="..\..\rtmath\rtmath\mie\ddOutputMie.h">
      <Filter>Header Files\mie</Filter>
    </ClInclude>
    <ClInclude Include="..\..\rtmath\rtmath\mie\mie-abNCalc.h">
      <Filter>Header Files\mie</Filter>
    </ClInclude>
    <ClInclude Include="..\..\rtmath\rtmath\mie\mie-AnCalc.h">
      <Filter>Header Files\mie</Filter>
    </ClInclude>
    <ClInclude Include="..\..\rtmath\rtmath\mie\mie-phaseFunc.h">
      <Filter>Header Files\mie</Filter>
    </ClInclude>
    <ClInclude Include="..\..\rtmath\rtmath\mie\mie-piNCalc.h">
      <Filter>Header Files\mie</Filter>
    </ClInclude>
    <ClInclude Include="..\..\rtmath\rtmath\mie\mie-Qcalc.h">
      <Filter>Header Files\mie</Filter>
    </ClInclude>
    <ClInclude Include="..\..\rtmath\rtmath\mie\mie-Scalc.h">
      <Filter>Header Files\mie</Filter>
    </ClInclude>
    <ClInclude Include="..\..\rtmath\rtmath\mie\mie-tauNCalc.h">
      <Filter>Header Files\mie</Filter>
    </ClInclude>
    <ClInclude Include="..\..\rtmath\rtmath\mie\mie-wnCalc.h">
      <Filter>Header Files\mie</Filter>
    </ClInclude>
    <ClInclude Include="..\..\rtmath\rtmath\mie\mie.h">
      <Filter>Header Files\mie</Filter>
    </ClInclude>
    <ClInclude Include="..\..\rtmath\rtmath\mie\mieScattMatrix.h">
      <Filter>Header Files\mie</Filter>
    </ClInclude>
  </ItemGroup>
</Project>