
Microsoft Visual Studio Solution File, Format Version 12.00
# Visual Studio 2012
Project("{8BC9CEB8-8B4A-11D0-8D11-00A0C91BC942}") = "tmatrix-mie-test", "tmatrix-mie-test.vcxproj", "{B12702AD-ABFB-343A-A199-8E24837244A3}"
EndProject
Project("{8BC9CEB8-8B4A-11D0-8D11-00A0C91BC942}") = "rtmath_scatt_basic", "..\..\rtmath-libs\rtmath_scatt_basic\rtmath_scatt_basic.vcxproj", "{85F27F75-02F2-4589-A2BD-687D58F95931}"
EndProject
Project("{8BC9CEB8-8B4A-11D0-8D11-00A0C91BC942}") = "rtmath_core", "..\..\rtmath-libs\rtmath_core\rtmath_core.vcxproj", "{42EF064F-64A8-42F5-9ACB-07E1908997BF}"
EndProject
Project("{8BC9CEB8-8B4A-11D0-8D11-00A0C91BC942}") = "rtmath", "..\..\rtmath\rtmath.vcxproj", "{B80CE2C2-2D78-464D-B936-8977BC6083D7}"
EndProject
Global
	GlobalSection(SolutionConfigurationPlatforms) = preSolution
		Debug|Win32 = Debug|Win32
		Release|Win32 = Release|Win32
	EndGlobalSection
	GlobalSection(ProjectConfigurationPlatforms) = postSolution
		{B12702AD-ABFB-343A-A199-8E24837244A3}.Debug|Win32.ActiveCfg = Debug|Win32
		{B12702AD-ABFB-343A-A199-8E24837244A3}.Debug|Win32.Build.0 = Debug|Win32
		{B12702AD-ABFB-343A-A199-8E24837244A3}.Release|Win32.ActiveCfg = Release|Win32
		{B12702AD-ABFB-343A-A199-8E24837244A3}.Release|Win32.Build.0 = Release|Win32
		{85F27F75-02F2-4589-A2BD-687D58F95931}.Debug|Win32.ActiveCfg = Debug|Win32
		{85F27F75-02F2-4589-A2BD-687D58F95931}.Debug|Win32.Build.0 = Debug|Win32
		{85F27F75-02F2-4589-A2BD-687D58F95931}.Release|Win32.ActiveCfg = Release|Win32
		{85F27F75-02F2-4589-A2BD-687D58F95931}.Release|Win32.Build.0 = Release|Win32
		{42EF064F-64A8-42F5-9ACB-07E1908997BF}.Debug|Win32.ActiveCfg = Debug|Win32
		{42EF064F-64A8-42F5-9ACB-07E1908997BF}.Debug|Win32.Build.0 = Debug|Win32
		{42EF064F-64A8-42F5-9ACB-07E1908997BF}.Release|Win32.ActiveCfg = Release|Win32
		{42EF064F-64A8-42F5-9ACB-07E1908997BF}.Release|Win32.Build.0 = Release|Win32
		{B80CE2C2-2D78-464D-B936-8977BC6083D7}.Debug|Win32.ActiveCfg = Debug|Win32
		{B80CE2C2-2D78-464D-B936-8977BC6083D7}.Debug|Win32.Build.0 = Debug|Win32
		{B80CE2C2-2D78-464D-B936-8977BC6083D7}.Release|Win32.ActiveCfg = Release|Win32
		{B80CE2C2-2D78-464D-B936-8977BC6083D7}.Release|Win32.Build.0 = Release|Win32
	EndGlobalSection
	GlobalSection(SolutionProperties) = preSolution
		HideSolutionNode = FALSE
	EndGlobalSection
EndGlobal
